PODS:
  - Firebase/Core (4.0.3):
    - FirebaseAnalytics (= 4.0.2)
    - FirebaseCore (= 4.0.3)
  - FirebaseAnalytics (4.0.2):
    - FirebaseCore (~> 4.0)
    - FirebaseInstanceID (~> 2.0)
    - GoogleToolboxForMac/NSData+zlib (~> 2.1)
  - FirebaseCore (4.0.3):
    - GoogleToolboxForMac/NSData+zlib (~> 2.1)
  - FirebaseInstanceID (2.0.0):
    - FirebaseCore (~> 4.0)
  - GoogleToolboxForMac/Defines (2.1.1)
  - GoogleToolboxForMac/NSData+zlib (2.1.1):
    - GoogleToolboxForMac/Defines (= 2.1.1)
  - React/BatchedBridge (0.45.1):
    - React/Core
    - React/cxxreact_legacy
  - React/Core (0.45.1):
    - Yoga (= 0.45.1.React)
  - React/cxxreact_legacy (0.45.1):
    - React/jschelpers_legacy
  - React/jschelpers_legacy (0.45.1)
  - RNFirebase (2.0.1)
  - Yoga (0.45.1.React)

DEPENDENCIES:
  - Firebase/Core
  - React/BatchedBridge (from `../node_modules/react-native`)
  - React/Core (from `../node_modules/react-native`)
  - RNFirebase (from `../node_modules/react-native-firebase`)
  - Yoga (from `../node_modules/react-native/ReactCommon/yoga`)

EXTERNAL SOURCES:
  React:
    :path: "../node_modules/react-native"
  RNFirebase:
    :path: "../node_modules/react-native-firebase"
  Yoga:
    :path: "../node_modules/react-native/ReactCommon/yoga"

SPEC CHECKSUMS:
  Firebase: 9e33fdfbca37cab635c693883caa90a4475b842b
  FirebaseAnalytics: ad41720e3e67fc63fbe3d2948d3e26932a8de311
  FirebaseCore: c709067051de07bdaffdc4e735cd7299a23c463a
  FirebaseInstanceID: 9fbf536668f4d3f0880e7438456dabd1376e294b
  GoogleToolboxForMac: 8e329f1b599f2512c6b10676d45736bcc2cbbeb0
  React: 0c9191a8b0c843d7004f950ac6b5f6cba9d125c7
  RNFirebase: 9d03ea6a3e877f59fb8835bf3e79571edd339451
  Yoga: 89c8738d42a0b46a113acb4e574336d61cba2985

PODFILE CHECKSUM: 60be486e7b17438c067d4d9871e02042d2155726

COCOAPODS: 1.2.0.beta.3
