PODS:
  - boost-for-react-native (1.63.0)
  - DoubleConversion (1.1.6)
  - FBLazyVector (0.64.0)
  - FBReactNativeSpec (0.64.0):
    - RCT-Folly (= 2020.01.13.00)
    - RCTRequired (= 0.64.0)
    - RCTTypeSafety (= 0.64.0)
    - React-Core (= 0.64.0)
    - React-jsi (= 0.64.0)
    - ReactCommon/turbomodule/core (= 0.64.0)
  - Firebase/AdMob (7.11.0):
    - Firebase/CoreOnly
    - Google-Mobile-Ads-SDK (~> 7.66)
  - Firebase/AnalyticsWithoutAdIdSupport (7.11.0):
    - Firebase/CoreOnly
    - FirebaseAnalytics/WithoutAdIdSupport (~> 7.11.0)
  - Firebase/Auth (7.11.0):
    - Firebase/CoreOnly
    - FirebaseAuth (~> 7.11.0)
  - Firebase/CoreOnly (7.11.0):
    - FirebaseCore (= 7.11.0)
  - Firebase/Crashlytics (7.11.0):
    - Firebase/CoreOnly
    - FirebaseCrashlytics (~> 7.11.0)
  - Firebase/Database (7.11.0):
    - Firebase/CoreOnly
    - FirebaseDatabase (~> 7.11.0)
  - Firebase/DynamicLinks (7.11.0):
    - Firebase/CoreOnly
    - FirebaseDynamicLinks (~> 7.11.0)
  - Firebase/Firestore (7.11.0):
    - Firebase/CoreOnly
    - FirebaseFirestore (~> 7.11.0)
  - Firebase/Functions (7.11.0):
    - Firebase/CoreOnly
    - FirebaseFunctions (~> 7.11.0)
  - Firebase/InAppMessaging (7.11.0):
    - Firebase/CoreOnly
    - FirebaseInAppMessaging (~> 7.11.0-beta)
  - Firebase/Messaging (7.11.0):
    - Firebase/CoreOnly
    - FirebaseMessaging (~> 7.11.0)
  - Firebase/MLVision (7.11.0):
    - Firebase/CoreOnly
    - FirebaseMLVision (~> 7.6.0-beta)
  - Firebase/Performance (7.11.0):
    - Firebase/CoreOnly
    - FirebasePerformance (~> 7.11.0)
  - Firebase/RemoteConfig (7.11.0):
    - Firebase/CoreOnly
    - FirebaseRemoteConfig (~> 7.11.0)
  - Firebase/Storage (7.11.0):
    - Firebase/CoreOnly
    - FirebaseStorage (~> 7.11.0)
  - FirebaseABTesting (7.11.0):
    - FirebaseCore (~> 7.0)
  - FirebaseAnalytics/Base (7.11.0):
    - FirebaseCore (~> 7.0)
    - FirebaseInstallations (~> 7.0)
    - GoogleUtilities/AppDelegateSwizzler (~> 7.0)
    - GoogleUtilities/MethodSwizzler (~> 7.0)
    - GoogleUtilities/Network (~> 7.0)
    - "GoogleUtilities/NSData+zlib (~> 7.0)"
    - nanopb (~> 2.30908.0)
  - FirebaseAnalytics/WithoutAdIdSupport (7.11.0):
    - FirebaseAnalytics/Base (= 7.11.0)
    - FirebaseCore (~> 7.0)
    - FirebaseInstallations (~> 7.0)
    - GoogleAppMeasurement/WithoutAdIdSupport (= 7.11.0)
    - GoogleUtilities/AppDelegateSwizzler (~> 7.0)
    - GoogleUtilities/MethodSwizzler (~> 7.0)
    - GoogleUtilities/Network (~> 7.0)
    - "GoogleUtilities/NSData+zlib (~> 7.0)"
    - nanopb (~> 2.30908.0)
  - FirebaseAuth (7.11.0):
    - FirebaseCore (~> 7.0)
    - GoogleUtilities/AppDelegateSwizzler (~> 7.0)
    - GoogleUtilities/Environment (~> 7.0)
    - GTMSessionFetcher/Core (~> 1.4)
  - FirebaseCore (7.11.0):
    - FirebaseCoreDiagnostics (~> 7.4)
    - GoogleUtilities/Environment (~> 7.0)
    - GoogleUtilities/Logger (~> 7.0)
  - FirebaseCoreDiagnostics (7.11.0):
    - GoogleDataTransport (~> 8.4)
    - GoogleUtilities/Environment (~> 7.0)
    - GoogleUtilities/Logger (~> 7.0)
    - nanopb (~> 2.30908.0)
  - FirebaseCrashlytics (7.11.0):
    - FirebaseCore (~> 7.0)
    - FirebaseInstallations (~> 7.0)
    - GoogleDataTransport (~> 8.4)
    - nanopb (~> 2.30908.0)
    - PromisesObjC (~> 1.2)
  - FirebaseDatabase (7.11.0):
    - FirebaseCore (~> 7.0)
    - leveldb-library (~> 1.22)
  - FirebaseDynamicLinks (7.11.0):
    - FirebaseCore (~> 7.0)
  - FirebaseFirestore (7.11.0)
  - FirebaseFunctions (7.11.0):
    - FirebaseCore (~> 7.0)
    - GTMSessionFetcher/Core (~> 1.4)
  - FirebaseInAppMessaging (7.11.0-beta):
    - FirebaseABTesting (~> 7.0)
    - FirebaseCore (~> 7.0)
    - FirebaseInstallations (~> 7.0)
    - GoogleUtilities/Environment (~> 7.0)
    - nanopb (~> 2.30908.0)
  - FirebaseInstallations (7.11.0):
    - FirebaseCore (~> 7.0)
    - GoogleUtilities/Environment (~> 7.0)
    - GoogleUtilities/UserDefaults (~> 7.0)
    - PromisesObjC (~> 1.2)
  - FirebaseInstanceID (7.11.0):
    - FirebaseCore (~> 7.0)
    - FirebaseInstallations (~> 7.0)
    - GoogleUtilities/Environment (~> 7.0)
    - GoogleUtilities/UserDefaults (~> 7.0)
  - FirebaseMessaging (7.11.0):
    - FirebaseCore (~> 7.0)
    - FirebaseInstallations (~> 7.0)
    - FirebaseInstanceID (~> 7.0)
    - GoogleUtilities/AppDelegateSwizzler (~> 7.0)
    - GoogleUtilities/Environment (~> 7.0)
    - GoogleUtilities/Reachability (~> 7.0)
    - GoogleUtilities/UserDefaults (~> 7.0)
  - FirebaseMLCommon (7.6.0-beta):
    - FirebaseCore (~> 7.0)
    - FirebaseInstallations (~> 7.0)
    - GoogleToolboxForMac/Logger (~> 2.1)
    - "GoogleToolboxForMac/NSData+zlib (~> 2.1)"
    - "GoogleToolboxForMac/NSDictionary+URLArguments (~> 2.1)"
    - GoogleUtilities/UserDefaults (~> 7.0)
    - GTMSessionFetcher/Core (~> 1.1)
    - Protobuf (~> 3.12)
  - FirebaseMLVision (7.6.0-beta):
    - FirebaseCore (~> 7.0)
    - FirebaseMLCommon (~> 7.0-beta)
    - GoogleAPIClientForREST/Core (~> 1.3)
    - GoogleAPIClientForREST/Vision (~> 1.3)
    - GoogleToolboxForMac/Logger (~> 2.1)
    - "GoogleToolboxForMac/NSData+zlib (~> 2.1)"
    - GTMSessionFetcher/Core (~> 1.1)
    - Protobuf (~> 3.12)
  - FirebasePerformance (7.11.0):
    - FirebaseCore (~> 7.0)
    - FirebaseInstallations (~> 7.0)
    - FirebaseRemoteConfig (~> 7.0)
    - GoogleDataTransport (~> 8.4)
    - GoogleUtilities/Environment (~> 7.0)
    - GoogleUtilities/ISASwizzler (~> 7.0)
    - GoogleUtilities/MethodSwizzler (~> 7.0)
    - Protobuf (~> 3.12)
  - FirebaseRemoteConfig (7.11.0):
    - FirebaseABTesting (~> 7.0)
    - FirebaseCore (~> 7.0)
    - FirebaseInstallations (~> 7.0)
    - GoogleUtilities/Environment (~> 7.0)
    - "GoogleUtilities/NSData+zlib (~> 7.0)"
  - FirebaseStorage (7.11.0):
    - FirebaseCore (~> 7.0)
    - GTMSessionFetcher/Core (~> 1.4)
  - glog (0.3.5)
  - Google-Mobile-Ads-SDK (7.69.0):
    - GoogleAppMeasurement (~> 7.0)
    - GoogleUserMessagingPlatform (~> 1.1)
  - GoogleAPIClientForREST/Core (1.5.2):
    - GTMSessionFetcher (>= 1.1.7)
  - GoogleAPIClientForREST/Vision (1.5.2):
    - GoogleAPIClientForREST/Core
    - GTMSessionFetcher (>= 1.1.7)
  - GoogleAppMeasurement (7.11.0):
    - GoogleAppMeasurement/AdIdSupport (= 7.11.0)
    - GoogleUtilities/AppDelegateSwizzler (~> 7.0)
    - GoogleUtilities/MethodSwizzler (~> 7.0)
    - GoogleUtilities/Network (~> 7.0)
    - "GoogleUtilities/NSData+zlib (~> 7.0)"
    - nanopb (~> 2.30908.0)
  - GoogleAppMeasurement/AdIdSupport (7.11.0):
    - GoogleUtilities/AppDelegateSwizzler (~> 7.0)
    - GoogleUtilities/MethodSwizzler (~> 7.0)
    - GoogleUtilities/Network (~> 7.0)
    - "GoogleUtilities/NSData+zlib (~> 7.0)"
    - nanopb (~> 2.30908.0)
  - GoogleAppMeasurement/WithoutAdIdSupport (7.11.0):
    - GoogleUtilities/AppDelegateSwizzler (~> 7.0)
    - GoogleUtilities/MethodSwizzler (~> 7.0)
    - GoogleUtilities/Network (~> 7.0)
    - "GoogleUtilities/NSData+zlib (~> 7.0)"
    - nanopb (~> 2.30908.0)
  - GoogleDataTransport (8.4.0):
    - GoogleUtilities/Environment (~> 7.2)
    - nanopb (~> 2.30908.0)
    - PromisesObjC (~> 1.2)
  - GoogleToolboxForMac/DebugUtils (2.3.1):
    - GoogleToolboxForMac/Defines (= 2.3.1)
  - GoogleToolboxForMac/Defines (2.3.1)
  - GoogleToolboxForMac/Logger (2.3.1):
    - GoogleToolboxForMac/Defines (= 2.3.1)
  - "GoogleToolboxForMac/NSData+zlib (2.3.1)":
    - GoogleToolboxForMac/Defines (= 2.3.1)
  - "GoogleToolboxForMac/NSDictionary+URLArguments (2.3.1)":
    - GoogleToolboxForMac/DebugUtils (= 2.3.1)
    - GoogleToolboxForMac/Defines (= 2.3.1)
    - "GoogleToolboxForMac/NSString+URLArguments (= 2.3.1)"
  - "GoogleToolboxForMac/NSString+URLArguments (2.3.1)"
  - GoogleUserMessagingPlatform (1.4.0)
  - GoogleUtilities/AppDelegateSwizzler (7.3.1):
    - GoogleUtilities/Environment
    - GoogleUtilities/Logger
    - GoogleUtilities/Network
  - GoogleUtilities/Environment (7.3.1):
    - PromisesObjC (~> 1.2)
  - GoogleUtilities/ISASwizzler (7.3.1)
  - GoogleUtilities/Logger (7.3.1):
    - GoogleUtilities/Environment
  - GoogleUtilities/MethodSwizzler (7.3.1):
    - GoogleUtilities/Logger
  - GoogleUtilities/Network (7.3.1):
    - GoogleUtilities/Logger
    - "GoogleUtilities/NSData+zlib"
    - GoogleUtilities/Reachability
  - "GoogleUtilities/NSData+zlib (7.3.1)"
  - GoogleUtilities/Reachability (7.3.1):
    - GoogleUtilities/Logger
  - GoogleUtilities/UserDefaults (7.3.1):
    - GoogleUtilities/Logger
  - GTMSessionFetcher (1.5.0):
    - GTMSessionFetcher/Full (= 1.5.0)
  - GTMSessionFetcher/Core (1.5.0)
  - GTMSessionFetcher/Full (1.5.0):
    - GTMSessionFetcher/Core (= 1.5.0)
  - Jet (0.6.6-0):
    - React
  - leveldb-library (1.22.1)
  - nanopb (2.30908.0):
    - nanopb/decode (= 2.30908.0)
    - nanopb/encode (= 2.30908.0)
  - nanopb/decode (2.30908.0)
  - nanopb/encode (2.30908.0)
  - PersonalizedAdConsent (1.0.5)
  - PromisesObjC (1.2.12)
  - Protobuf (3.15.8)
  - RCT-Folly (2020.01.13.00):
    - boost-for-react-native
    - DoubleConversion
    - glog
    - RCT-Folly/Default (= 2020.01.13.00)
  - RCT-Folly/Default (2020.01.13.00):
    - boost-for-react-native
    - DoubleConversion
    - glog
  - RCTRequired (0.64.0)
  - RCTTypeSafety (0.64.0):
    - FBLazyVector (= 0.64.0)
    - RCT-Folly (= 2020.01.13.00)
    - RCTRequired (= 0.64.0)
    - React-Core (= 0.64.0)
  - React (0.64.0):
    - React-Core (= 0.64.0)
    - React-Core/DevSupport (= 0.64.0)
    - React-Core/RCTWebSocket (= 0.64.0)
    - React-RCTActionSheet (= 0.64.0)
    - React-RCTAnimation (= 0.64.0)
    - React-RCTBlob (= 0.64.0)
    - React-RCTImage (= 0.64.0)
    - React-RCTLinking (= 0.64.0)
    - React-RCTNetwork (= 0.64.0)
    - React-RCTSettings (= 0.64.0)
    - React-RCTText (= 0.64.0)
    - React-RCTVibration (= 0.64.0)
  - React-callinvoker (0.64.0)
  - React-Core (0.64.0):
    - glog
    - RCT-Folly (= 2020.01.13.00)
    - React-Core/Default (= 0.64.0)
    - React-cxxreact (= 0.64.0)
    - React-jsi (= 0.64.0)
    - React-jsiexecutor (= 0.64.0)
    - React-perflogger (= 0.64.0)
    - Yoga
  - React-Core/CoreModulesHeaders (0.64.0):
    - glog
    - RCT-Folly (= 2020.01.13.00)
    - React-Core/Default
    - React-cxxreact (= 0.64.0)
    - React-jsi (= 0.64.0)
    - React-jsiexecutor (= 0.64.0)
    - React-perflogger (= 0.64.0)
    - Yoga
  - React-Core/Default (0.64.0):
    - glog
    - RCT-Folly (= 2020.01.13.00)
    - React-cxxreact (= 0.64.0)
    - React-jsi (= 0.64.0)
    - React-jsiexecutor (= 0.64.0)
    - React-perflogger (= 0.64.0)
    - Yoga
  - React-Core/DevSupport (0.64.0):
    - glog
    - RCT-Folly (= 2020.01.13.00)
    - React-Core/Default (= 0.64.0)
    - React-Core/RCTWebSocket (= 0.64.0)
    - React-cxxreact (= 0.64.0)
    - React-jsi (= 0.64.0)
    - React-jsiexecutor (= 0.64.0)
    - React-jsinspector (= 0.64.0)
    - React-perflogger (= 0.64.0)
    - Yoga
  - React-Core/RCTActionSheetHeaders (0.64.0):
    - glog
    - RCT-Folly (= 2020.01.13.00)
    - React-Core/Default
    - React-cxxreact (= 0.64.0)
    - React-jsi (= 0.64.0)
    - React-jsiexecutor (= 0.64.0)
    - React-perflogger (= 0.64.0)
    - Yoga
  - React-Core/RCTAnimationHeaders (0.64.0):
    - glog
    - RCT-Folly (= 2020.01.13.00)
    - React-Core/Default
    - React-cxxreact (= 0.64.0)
    - React-jsi (= 0.64.0)
    - React-jsiexecutor (= 0.64.0)
    - React-perflogger (= 0.64.0)
    - Yoga
  - React-Core/RCTBlobHeaders (0.64.0):
    - glog
    - RCT-Folly (= 2020.01.13.00)
    - React-Core/Default
    - React-cxxreact (= 0.64.0)
    - React-jsi (= 0.64.0)
    - React-jsiexecutor (= 0.64.0)
    - React-perflogger (= 0.64.0)
    - Yoga
  - React-Core/RCTImageHeaders (0.64.0):
    - glog
    - RCT-Folly (= 2020.01.13.00)
    - React-Core/Default
    - React-cxxreact (= 0.64.0)
    - React-jsi (= 0.64.0)
    - React-jsiexecutor (= 0.64.0)
    - React-perflogger (= 0.64.0)
    - Yoga
  - React-Core/RCTLinkingHeaders (0.64.0):
    - glog
    - RCT-Folly (= 2020.01.13.00)
    - React-Core/Default
    - React-cxxreact (= 0.64.0)
    - React-jsi (= 0.64.0)
    - React-jsiexecutor (= 0.64.0)
    - React-perflogger (= 0.64.0)
    - Yoga
  - React-Core/RCTNetworkHeaders (0.64.0):
    - glog
    - RCT-Folly (= 2020.01.13.00)
    - React-Core/Default
    - React-cxxreact (= 0.64.0)
    - React-jsi (= 0.64.0)
    - React-jsiexecutor (= 0.64.0)
    - React-perflogger (= 0.64.0)
    - Yoga
  - React-Core/RCTSettingsHeaders (0.64.0):
    - glog
    - RCT-Folly (= 2020.01.13.00)
    - React-Core/Default
    - React-cxxreact (= 0.64.0)
    - React-jsi (= 0.64.0)
    - React-jsiexecutor (= 0.64.0)
    - React-perflogger (= 0.64.0)
    - Yoga
  - React-Core/RCTTextHeaders (0.64.0):
    - glog
    - RCT-Folly (= 2020.01.13.00)
    - React-Core/Default
    - React-cxxreact (= 0.64.0)
    - React-jsi (= 0.64.0)
    - React-jsiexecutor (= 0.64.0)
    - React-perflogger (= 0.64.0)
    - Yoga
  - React-Core/RCTVibrationHeaders (0.64.0):
    - glog
    - RCT-Folly (= 2020.01.13.00)
    - React-Core/Default
    - React-cxxreact (= 0.64.0)
    - React-jsi (= 0.64.0)
    - React-jsiexecutor (= 0.64.0)
    - React-perflogger (= 0.64.0)
    - Yoga
  - React-Core/RCTWebSocket (0.64.0):
    - glog
    - RCT-Folly (= 2020.01.13.00)
    - React-Core/Default (= 0.64.0)
    - React-cxxreact (= 0.64.0)
    - React-jsi (= 0.64.0)
    - React-jsiexecutor (= 0.64.0)
    - React-perflogger (= 0.64.0)
    - Yoga
  - React-CoreModules (0.64.0):
    - FBReactNativeSpec (= 0.64.0)
    - RCT-Folly (= 2020.01.13.00)
    - RCTTypeSafety (= 0.64.0)
    - React-Core/CoreModulesHeaders (= 0.64.0)
    - React-jsi (= 0.64.0)
    - React-RCTImage (= 0.64.0)
    - ReactCommon/turbomodule/core (= 0.64.0)
  - React-cxxreact (0.64.0):
    - boost-for-react-native (= 1.63.0)
    - DoubleConversion
    - glog
    - RCT-Folly (= 2020.01.13.00)
    - React-callinvoker (= 0.64.0)
    - React-jsi (= 0.64.0)
    - React-jsinspector (= 0.64.0)
    - React-perflogger (= 0.64.0)
    - React-runtimeexecutor (= 0.64.0)
  - React-jsi (0.64.0):
    - boost-for-react-native (= 1.63.0)
    - DoubleConversion
    - glog
    - RCT-Folly (= 2020.01.13.00)
    - React-jsi/Default (= 0.64.0)
  - React-jsi/Default (0.64.0):
    - boost-for-react-native (= 1.63.0)
    - DoubleConversion
    - glog
    - RCT-Folly (= 2020.01.13.00)
  - React-jsiexecutor (0.64.0):
    - DoubleConversion
    - glog
    - RCT-Folly (= 2020.01.13.00)
    - React-cxxreact (= 0.64.0)
    - React-jsi (= 0.64.0)
    - React-perflogger (= 0.64.0)
  - React-jsinspector (0.64.0)
  - React-perflogger (0.64.0)
  - React-RCTActionSheet (0.64.0):
    - React-Core/RCTActionSheetHeaders (= 0.64.0)
  - React-RCTAnimation (0.64.0):
    - FBReactNativeSpec (= 0.64.0)
    - RCT-Folly (= 2020.01.13.00)
    - RCTTypeSafety (= 0.64.0)
    - React-Core/RCTAnimationHeaders (= 0.64.0)
    - React-jsi (= 0.64.0)
    - ReactCommon/turbomodule/core (= 0.64.0)
  - React-RCTBlob (0.64.0):
    - FBReactNativeSpec (= 0.64.0)
    - RCT-Folly (= 2020.01.13.00)
    - React-Core/RCTBlobHeaders (= 0.64.0)
    - React-Core/RCTWebSocket (= 0.64.0)
    - React-jsi (= 0.64.0)
    - React-RCTNetwork (= 0.64.0)
    - ReactCommon/turbomodule/core (= 0.64.0)
  - React-RCTImage (0.64.0):
    - FBReactNativeSpec (= 0.64.0)
    - RCT-Folly (= 2020.01.13.00)
    - RCTTypeSafety (= 0.64.0)
    - React-Core/RCTImageHeaders (= 0.64.0)
    - React-jsi (= 0.64.0)
    - React-RCTNetwork (= 0.64.0)
    - ReactCommon/turbomodule/core (= 0.64.0)
  - React-RCTLinking (0.64.0):
    - FBReactNativeSpec (= 0.64.0)
    - React-Core/RCTLinkingHeaders (= 0.64.0)
    - React-jsi (= 0.64.0)
    - ReactCommon/turbomodule/core (= 0.64.0)
  - React-RCTNetwork (0.64.0):
    - FBReactNativeSpec (= 0.64.0)
    - RCT-Folly (= 2020.01.13.00)
    - RCTTypeSafety (= 0.64.0)
    - React-Core/RCTNetworkHeaders (= 0.64.0)
    - React-jsi (= 0.64.0)
    - ReactCommon/turbomodule/core (= 0.64.0)
  - React-RCTSettings (0.64.0):
    - FBReactNativeSpec (= 0.64.0)
    - RCT-Folly (= 2020.01.13.00)
    - RCTTypeSafety (= 0.64.0)
    - React-Core/RCTSettingsHeaders (= 0.64.0)
    - React-jsi (= 0.64.0)
    - ReactCommon/turbomodule/core (= 0.64.0)
  - React-RCTText (0.64.0):
    - React-Core/RCTTextHeaders (= 0.64.0)
  - React-RCTVibration (0.64.0):
    - FBReactNativeSpec (= 0.64.0)
    - RCT-Folly (= 2020.01.13.00)
    - React-Core/RCTVibrationHeaders (= 0.64.0)
    - React-jsi (= 0.64.0)
    - ReactCommon/turbomodule/core (= 0.64.0)
  - React-runtimeexecutor (0.64.0):
    - React-jsi (= 0.64.0)
  - ReactCommon/turbomodule/core (0.64.0):
    - DoubleConversion
    - glog
    - RCT-Folly (= 2020.01.13.00)
    - React-callinvoker (= 0.64.0)
    - React-Core (= 0.64.0)
    - React-cxxreact (= 0.64.0)
    - React-jsi (= 0.64.0)
    - React-perflogger (= 0.64.0)
  - RNFBAdMob (11.3.3):
    - Firebase/AdMob (= 7.11.0)
    - PersonalizedAdConsent (~> 1.0.5)
    - React-Core
    - RNFBApp
  - RNFBAnalytics (11.3.3):
    - Firebase/AnalyticsWithoutAdIdSupport (= 7.11.0)
    - React-Core
    - RNFBApp
  - RNFBApp (11.3.3):
    - Firebase/CoreOnly (= 7.11.0)
    - React-Core
  - RNFBAuth (11.3.3):
    - Firebase/Auth (= 7.11.0)
    - React-Core
    - RNFBApp
  - RNFBCrashlytics (11.3.3):
    - Firebase/Crashlytics (= 7.11.0)
    - React-Core
    - RNFBApp
  - RNFBDatabase (11.3.3):
    - Firebase/Database (= 7.11.0)
    - React-Core
    - RNFBApp
  - RNFBDynamicLinks (11.3.3):
    - Firebase/DynamicLinks (= 7.11.0)
    - GoogleUtilities/AppDelegateSwizzler
    - React-Core
    - RNFBApp
  - RNFBFirestore (11.3.3):
    - Firebase/Firestore (= 7.11.0)
    - React-Core
    - RNFBApp
  - RNFBFunctions (11.3.3):
    - Firebase/Functions (= 7.11.0)
    - React-Core
    - RNFBApp
  - RNFBIid (11.3.3):
    - Firebase/CoreOnly (= 7.11.0)
    - FirebaseInstanceID
    - React-Core
    - RNFBApp
  - RNFBInAppMessaging (11.3.3):
    - Firebase/InAppMessaging (= 7.11.0)
    - React-Core
    - RNFBApp
  - RNFBMessaging (11.3.3):
    - Firebase/Messaging (= 7.11.0)
    - React-Core
    - RNFBApp
  - RNFBML (11.3.3):
    - Firebase/MLVision (= 7.11.0)
    - React-Core
    - RNFBApp
  - RNFBPerf (11.3.3):
    - Firebase/Performance (= 7.11.0)
    - React-Core
    - RNFBApp
  - RNFBRemoteConfig (11.3.3):
    - Firebase/RemoteConfig (= 7.11.0)
    - React-Core
    - RNFBApp
  - RNFBStorage (11.3.3):
    - Firebase/Storage (= 7.11.0)
    - React-Core
    - RNFBApp
  - Yoga (1.14.0)

DEPENDENCIES:
  - DoubleConversion (from `../node_modules/react-native/third-party-podspecs/DoubleConversion.podspec`)
  - FBLazyVector (from `../node_modules/react-native/Libraries/FBLazyVector`)
  - FBReactNativeSpec (from `../node_modules/react-native/React/FBReactNativeSpec`)
  - FirebaseFirestore (from `https://github.com/invertase/firestore-ios-sdk-frameworks.git`, tag `7.11.0`)
  - glog (from `../node_modules/react-native/third-party-podspecs/glog.podspec`)
  - Jet (from `../node_modules/jet/ios`)
  - RCT-Folly (from `../node_modules/react-native/third-party-podspecs/RCT-Folly.podspec`)
  - RCTRequired (from `../node_modules/react-native/Libraries/RCTRequired`)
  - RCTTypeSafety (from `../node_modules/react-native/Libraries/TypeSafety`)
  - React (from `../node_modules/react-native/`)
  - React-callinvoker (from `../node_modules/react-native/ReactCommon/callinvoker`)
  - React-Core (from `../node_modules/react-native/`)
  - React-Core/DevSupport (from `../node_modules/react-native/`)
  - React-Core/RCTWebSocket (from `../node_modules/react-native/`)
  - React-CoreModules (from `../node_modules/react-native/React/CoreModules`)
  - React-cxxreact (from `../node_modules/react-native/ReactCommon/cxxreact`)
  - React-jsi (from `../node_modules/react-native/ReactCommon/jsi`)
  - React-jsiexecutor (from `../node_modules/react-native/ReactCommon/jsiexecutor`)
  - React-jsinspector (from `../node_modules/react-native/ReactCommon/jsinspector`)
  - React-perflogger (from `../node_modules/react-native/ReactCommon/reactperflogger`)
  - React-RCTActionSheet (from `../node_modules/react-native/Libraries/ActionSheetIOS`)
  - React-RCTAnimation (from `../node_modules/react-native/Libraries/NativeAnimation`)
  - React-RCTBlob (from `../node_modules/react-native/Libraries/Blob`)
  - React-RCTImage (from `../node_modules/react-native/Libraries/Image`)
  - React-RCTLinking (from `../node_modules/react-native/Libraries/LinkingIOS`)
  - React-RCTNetwork (from `../node_modules/react-native/Libraries/Network`)
  - React-RCTSettings (from `../node_modules/react-native/Libraries/Settings`)
  - React-RCTText (from `../node_modules/react-native/Libraries/Text`)
  - React-RCTVibration (from `../node_modules/react-native/Libraries/Vibration`)
  - React-runtimeexecutor (from `../node_modules/react-native/ReactCommon/runtimeexecutor`)
  - ReactCommon/turbomodule/core (from `../node_modules/react-native/ReactCommon`)
  - RNFBAdMob (from `../../packages/admob`)
  - RNFBAnalytics (from `../../packages/analytics`)
  - RNFBApp (from `../../packages/app`)
  - RNFBAuth (from `../../packages/auth`)
  - RNFBCrashlytics (from `../../packages/crashlytics`)
  - RNFBDatabase (from `../../packages/database`)
  - RNFBDynamicLinks (from `../../packages/dynamic-links`)
  - RNFBFirestore (from `../../packages/firestore`)
  - RNFBFunctions (from `../../packages/functions`)
  - RNFBIid (from `../../packages/iid`)
  - RNFBInAppMessaging (from `../../packages/in-app-messaging`)
  - RNFBMessaging (from `../../packages/messaging`)
  - RNFBML (from `../../packages/ml`)
  - RNFBPerf (from `../../packages/perf`)
  - RNFBRemoteConfig (from `../../packages/remote-config`)
  - RNFBStorage (from `../../packages/storage`)
  - Yoga (from `../node_modules/react-native/ReactCommon/yoga`)

SPEC REPOS:
  trunk:
    - boost-for-react-native
    - Firebase
    - FirebaseABTesting
    - FirebaseAnalytics
    - FirebaseAuth
    - FirebaseCore
    - FirebaseCoreDiagnostics
    - FirebaseCrashlytics
    - FirebaseDatabase
    - FirebaseDynamicLinks
    - FirebaseFunctions
    - FirebaseInAppMessaging
    - FirebaseInstallations
    - FirebaseInstanceID
    - FirebaseMessaging
    - FirebaseMLCommon
    - FirebaseMLVision
    - FirebasePerformance
    - FirebaseRemoteConfig
    - FirebaseStorage
    - Google-Mobile-Ads-SDK
    - GoogleAPIClientForREST
    - GoogleAppMeasurement
    - GoogleDataTransport
    - GoogleToolboxForMac
    - GoogleUserMessagingPlatform
    - GoogleUtilities
    - GTMSessionFetcher
    - leveldb-library
    - nanopb
    - PersonalizedAdConsent
    - PromisesObjC
    - Protobuf

EXTERNAL SOURCES:
  DoubleConversion:
    :podspec: "../node_modules/react-native/third-party-podspecs/DoubleConversion.podspec"
  FBLazyVector:
    :path: "../node_modules/react-native/Libraries/FBLazyVector"
  FBReactNativeSpec:
    :path: "../node_modules/react-native/React/FBReactNativeSpec"
  FirebaseFirestore:
    :git: https://github.com/invertase/firestore-ios-sdk-frameworks.git
    :tag: 7.11.0
  glog:
    :podspec: "../node_modules/react-native/third-party-podspecs/glog.podspec"
  Jet:
    :path: "../node_modules/jet/ios"
  RCT-Folly:
    :podspec: "../node_modules/react-native/third-party-podspecs/RCT-Folly.podspec"
  RCTRequired:
    :path: "../node_modules/react-native/Libraries/RCTRequired"
  RCTTypeSafety:
    :path: "../node_modules/react-native/Libraries/TypeSafety"
  React:
    :path: "../node_modules/react-native/"
  React-callinvoker:
    :path: "../node_modules/react-native/ReactCommon/callinvoker"
  React-Core:
    :path: "../node_modules/react-native/"
  React-CoreModules:
    :path: "../node_modules/react-native/React/CoreModules"
  React-cxxreact:
    :path: "../node_modules/react-native/ReactCommon/cxxreact"
  React-jsi:
    :path: "../node_modules/react-native/ReactCommon/jsi"
  React-jsiexecutor:
    :path: "../node_modules/react-native/ReactCommon/jsiexecutor"
  React-jsinspector:
    :path: "../node_modules/react-native/ReactCommon/jsinspector"
  React-perflogger:
    :path: "../node_modules/react-native/ReactCommon/reactperflogger"
  React-RCTActionSheet:
    :path: "../node_modules/react-native/Libraries/ActionSheetIOS"
  React-RCTAnimation:
    :path: "../node_modules/react-native/Libraries/NativeAnimation"
  React-RCTBlob:
    :path: "../node_modules/react-native/Libraries/Blob"
  React-RCTImage:
    :path: "../node_modules/react-native/Libraries/Image"
  React-RCTLinking:
    :path: "../node_modules/react-native/Libraries/LinkingIOS"
  React-RCTNetwork:
    :path: "../node_modules/react-native/Libraries/Network"
  React-RCTSettings:
    :path: "../node_modules/react-native/Libraries/Settings"
  React-RCTText:
    :path: "../node_modules/react-native/Libraries/Text"
  React-RCTVibration:
    :path: "../node_modules/react-native/Libraries/Vibration"
  React-runtimeexecutor:
    :path: "../node_modules/react-native/ReactCommon/runtimeexecutor"
  ReactCommon:
    :path: "../node_modules/react-native/ReactCommon"
  RNFBAdMob:
    :path: "../../packages/admob"
  RNFBAnalytics:
    :path: "../../packages/analytics"
  RNFBApp:
    :path: "../../packages/app"
  RNFBAuth:
    :path: "../../packages/auth"
  RNFBCrashlytics:
    :path: "../../packages/crashlytics"
  RNFBDatabase:
    :path: "../../packages/database"
  RNFBDynamicLinks:
    :path: "../../packages/dynamic-links"
  RNFBFirestore:
    :path: "../../packages/firestore"
  RNFBFunctions:
    :path: "../../packages/functions"
  RNFBIid:
    :path: "../../packages/iid"
  RNFBInAppMessaging:
    :path: "../../packages/in-app-messaging"
  RNFBMessaging:
    :path: "../../packages/messaging"
  RNFBML:
    :path: "../../packages/ml"
  RNFBPerf:
    :path: "../../packages/perf"
  RNFBRemoteConfig:
    :path: "../../packages/remote-config"
  RNFBStorage:
    :path: "../../packages/storage"
  Yoga:
    :path: "../node_modules/react-native/ReactCommon/yoga"

CHECKOUT OPTIONS:
  FirebaseFirestore:
    :git: https://github.com/invertase/firestore-ios-sdk-frameworks.git
    :tag: 7.11.0

SPEC CHECKSUMS:
  boost-for-react-native: 39c7adb57c4e60d6c5479dd8623128eb5b3f0f2c
  DoubleConversion: cf9b38bf0b2d048436d9a82ad2abe1404f11e7de
  FBLazyVector: 49cbe4b43e445b06bf29199b6ad2057649e4c8f5
  FBReactNativeSpec: ea750e746c463712a67a3ad0d8c73f68ae5c6ffe
  Firebase: c121feb35e4126c0b355e3313fa9b487d47319fd
  FirebaseABTesting: e66f1f80747792630d9b292966de206d5df9853b
  FirebaseAnalytics: cd3bd84d722a24a8923918af8af8e5236f615d77
  FirebaseAuth: 5fe4585c2ed847319f0ea68bd1d82c77e49ff9a0
  FirebaseCore: 907447d8917a4d3eb0cce2829c5a0ad21d90b432
  FirebaseCoreDiagnostics: 68ad972f99206cef818230f3f3179d52ccfb7f8c
  FirebaseCrashlytics: 272b675aa9d1e9bae1f9e1449fcc1f2cf6042806
  FirebaseDatabase: 6c39fbf1c8514a2f32e610f9bf9ef30c535dc15a
  FirebaseDynamicLinks: 07f101c20bb40fd39f6b3e5278a64a5f2f660dc1
  FirebaseFirestore: 783538aced1557a6b817ee121593561127a00244
  FirebaseFunctions: cf3d041e5292b1c4bda868d542071a0f8291a4d4
  FirebaseInAppMessaging: 03f39409c6f5ce5fb2d0db9cc99e043c0a538ba0
  FirebaseInstallations: a58d4f72ec5861840b84df489f2668d970df558a
  FirebaseInstanceID: ad5135045a498d7775903efd39762d2cdfa1be27
  FirebaseMessaging: 163435fb6db065e3b6228f1e577b10ed2cc506d2
  FirebaseMLCommon: cbab07a0cfa19b982819fc9e030e6f3d569c23a6
  FirebaseMLVision: 68439dbb81881116a87c0e469af9f55b53e9648c
  FirebasePerformance: 3166d0c16b359b1ef92be774f46f2768b98c8993
  FirebaseRemoteConfig: 0ea30de5fb0231df8c1bdcdf3b6c23bdc5066131
  FirebaseStorage: 8542711850ca181a3931c0ed483006a7b46039e7
  glog: 73c2498ac6884b13ede40eda8228cb1eee9d9d62
  Google-Mobile-Ads-SDK: 2f288748a42920d1c744946a460896a95b0e9110
  GoogleAPIClientForREST: 538a8ad0014fd88b78894e77100775a6b0a4f7ed
  GoogleAppMeasurement: fd19169c3034975cb934e865e5667bfdce59df7f
  GoogleDataTransport: cd9db2180fcecd8da1b561aea31e3e56cf834aa7
  GoogleToolboxForMac: 471e0c05d39506e50e6398f46fa9a12ae0efeff9
  GoogleUserMessagingPlatform: b168e8c46cd8f92aa3e34b584c4ca78a411ce367
  GoogleUtilities: e1d9ed4e544fc32a93e00e721400cbc3f377200d
  GTMSessionFetcher: b3503b20a988c4e20cc189aa798fd18220133f52
  Jet: 84fd0e2e9d49457fc04bc79b5d8857737a01c507
  leveldb-library: 50c7b45cbd7bf543c81a468fe557a16ae3db8729
  nanopb: a0ba3315591a9ae0a16a309ee504766e90db0c96
  PersonalizedAdConsent: dbecabb3467df967c16d9cebc2ef4a8890e4bbd8
  PromisesObjC: 3113f7f76903778cf4a0586bd1ab89329a0b7b97
  Protobuf: adb85cd18a15bd1a777c158af9fd6e612a0e6d69
  RCT-Folly: ec7a233ccc97cc556cf7237f0db1ff65b986f27c
  RCTRequired: 2f8cb5b7533219bf4218a045f92768129cf7050a
  RCTTypeSafety: 512728b73549e72ad7330b92f3d42936f2a4de5b
  React: 98eac01574128a790f0bbbafe2d1a8607291ac24
  React-callinvoker: def3f7fae16192df68d9b69fd4bbb59092ee36bc
  React-Core: 70a52aa5dbe9b83befae82038451a7df9fd54c5a
  React-CoreModules: 052edef46117862e2570eb3a0f06d81c61d2c4b8
  React-cxxreact: c1dc71b30653cfb4770efdafcbdc0ad6d388baab
  React-jsi: 74341196d9547cbcbcfa4b3bbbf03af56431d5a1
  React-jsiexecutor: 06a9c77b56902ae7ffcdd7a4905f664adc5d237b
  React-jsinspector: 0ae35a37b20d5e031eb020a69cc5afdbd6406301
  React-perflogger: 9c547d8f06b9bf00cb447f2b75e8d7f19b7e02af
  React-RCTActionSheet: 3080b6e12e0e1a5b313c8c0050699b5c794a1b11
  React-RCTAnimation: 3f96f21a497ae7dabf4d2f150ee43f906aaf516f
  React-RCTBlob: 283b8e5025e7f954176bc48164f846909002f3ed
  React-RCTImage: 5088a484faac78f2d877e1b79125d3bb1ea94a16
  React-RCTLinking: 5e8fbb3e9a8bc2e4e3eb15b1eb8bda5fcac27b8c
  React-RCTNetwork: 38ec277217b1e841d5e6a1fa78da65b9212ccb28
  React-RCTSettings: 242d6e692108c3de4f3bb74b7586a8799e9ab070
  React-RCTText: 8746736ac8eb5a4a74719aa695b7a236a93a83d2
  React-RCTVibration: 0fd6b21751a33cb72fce1a4a33ab9678416d307a
  React-runtimeexecutor: cad74a1eaa53ee6e7a3620231939d8fe2c6afcf0
  ReactCommon: cfe2b7fd20e0dbd2d1185cd7d8f99633fbc5ff05
  RNFBAdMob: 7d5a6b026782a1b5f91bd863d2299e4a328cade0
  RNFBAnalytics: 45e0aaa4919d5dc82a2605f01984cd4dfff706c8
  RNFBApp: 097a73b10972939bade8ad720ef92c3867baf2e5
  RNFBAuth: e554b8c1d3cddcb1ead741794be055acc1defcda
  RNFBCrashlytics: a045da0758ed559db99ed049a11ffc995fececb9
  RNFBDatabase: de7c902da929d8b170930f23e2787ee3f5e75c4b
  RNFBDynamicLinks: 135501c3922e49e4e7e00d1a0a1777b2fba1f042
  RNFBFirestore: 9c7fc9c42de2cc91d9b70cfc12ed00aa25ddb250
  RNFBFunctions: c2af986961d28a74f1383b0e53f4e4d20a95098a
  RNFBIid: 585215475e5dec2e0565360b77fb8a33fe33d081
  RNFBInAppMessaging: f7ac052f565200549d1fc187b4b86bec611eab03
  RNFBMessaging: 747dbfebbe827241a9819884cbba2cb35ce5dc90
  RNFBML: 8f7b5e256a0224bfc862d6e85d42db8a19d02d70
  RNFBPerf: fb34154674ad8b13effe52a0ab4a51bdb9992b7a
  RNFBRemoteConfig: fd88e45c151427ef9f75534da31c86dba1e28da3
  RNFBStorage: af7814531e503ea094f65f24fc5aa98491823bb8
  Yoga: 8c8436d4171c87504c648ae23b1d81242bdf3bbf

PODFILE CHECKSUM: 425de7af0490cb14d4d9a6f7f39d3eb34cd31fb6

COCOAPODS: 1.10.1
