GEM
  remote: https://rubygems.org/
  specs:
    simplecov (1.0.3)
    simplecov-lcov (0.9.0)

PLATFORMS
  arm64-darwin-25
  ruby

DEPENDENCIES
  simplecov (~> 1.0)
  simplecov-lcov (~> 0.9)

CHECKSUMS
  simplecov (1.0.3) sha256=38ef0514f16ae7562f0d0f4df02610071115103d301b6de7dacbcc000082e39b
  simplecov-lcov (0.9.0) sha256=7a77a31e200a595ed4b0249493056efd0c920601f53d2ef135ca34ee796346cd

BUNDLED WITH
   2.6.9
